# This file is automatically @generated by Cargo.
# It is not intended for manual editing.
version = 3

[[package]]
name = "aoc-2021-day-01-1"
version = "0.1.0"

[[package]]
name = "aoc-2021-day-01-2"
version = "0.1.0"

[[package]]
name = "aoc-2021-day-02-1"
version = "0.1.0"

[[package]]
name = "aoc-2021-day-02-2"
version = "0.1.0"

[[package]]
name = "aoc-2021-day-03-1"
version = "0.1.0"

[[package]]
name = "aoc-2021-day-03-2"
version = "0.1.0"

[[package]]
name = "aoc-2021-day-04-1"
version = "0.1.0"

[[package]]
name = "aoc-2021-day-04-2"
version = "0.1.0"

[[package]]
name = "aoc-2021-day-05-1"
version = "0.1.0"

[[package]]
name = "aoc-2021-day-05-2"
version = "0.1.0"

[[package]]
name = "aoc-2021-day-06-1"
version = "0.1.0"

[[package]]
name = "aoc-2021-day-06-2"
version = "0.1.0"

[[package]]
name = "aoc-2021-day-07-1"
version = "0.1.0"

[[package]]
name = "aoc-2021-day-07-2"
version = "0.1.0"

[[package]]
name = "aoc-2021-day-08-1"
version = "0.1.0"
